// !$*UTF8*$!
{
	archiveVersion = 1;
	classes = {
	};
	objectVersion = 48;
	objects = {

/* Begin PBXBuildFile section */
		3E3244A21F8E0EF300D1513D /* AppDelegate.m in Sources */ = {isa = PBXBuildFile; fileRef = 3E3244A11F8E0EF300D1513D /* AppDelegate.m */; };
		3E3244A51F8E0EF300D1513D /* ViewController.m in Sources */ = {isa = PBXBuildFile; fileRef = 3E3244A41F8E0EF300D1513D /* ViewController.m */; };
		3E3244A81F8E0EF400D1513D /* Main.storyboard in Resources */ = {isa = PBXBuildFile; fileRef = 3E3244A61F8E0EF400D1513D /* Main.storyboard */; };
		3E3244AA1F8E0EF400D1513D /* Assets.xcassets in Resources */ = {isa = PBXBuildFile; fileRef = 3E3244A91F8E0EF400D1513D /* Assets.xcassets */; };
		3E3244AD1F8E0EF400D1513D /* LaunchScreen.storyboard in Resources */ = {isa = PBXBuildFile; fileRef = 3E3244AB1F8E0EF400D1513D /* LaunchScreen.storyboard */; };
		3E3244B01F8E0EF400D1513D /* main.m in Sources */ = {isa = PBXBuildFile; fileRef = 3E3244AF1F8E0EF400D1513D /* main.m */; };
		3E3244BA1F8E0EF400D1513D /* NewPodAVPlayer1Tests.m in Sources */ = {isa = PBXBuildFile; fileRef = 3E3244B91F8E0EF400D1513D /* NewPodAVPlayer1Tests.m */; };
		3E3244C51F8E0EF400D1513D /* NewPodAVPlayer1UITests.m in Sources */ = {isa = PBXBuildFile; fileRef = 3E3244C41F8E0EF400D1513D /* NewPodAVPlayer1UITests.m */; };
/* End PBXBuildFile section */

/* Begin PBXContainerItemProxy section */
		3E3244B61F8E0EF400D1513D /* PBXContainerItemProxy */ = {
			isa = PBXContainerItemProxy;
			containerPortal = 3E3244951F8E0EF300D1513D /* Project object */;
			proxyType = 1;
			remoteGlobalIDString = 3E32449C1F8E0EF300D1513D;
			remoteInfo = NewPodAVPlayer1;
		};
		3E3244C11F8E0EF400D1513D /* PBXContainerItemProxy */ = {
			isa = PBXContainerItemProxy;
			containerPortal = 3E3244951F8E0EF300D1513D /* Project object */;
			proxyType = 1;
			remoteGlobalIDString = 3E32449C1F8E0EF300D1513D;
			remoteInfo = NewPodAVPlayer1;
		};
/* End PBXContainerItemProxy section */

/* Begin PBXFileReference section */
		3E32449D1F8E0EF300D1513D /* NewPodAVPlayer1.app */ = {isa = PBXFileReference; explicitFileType = wrapper.application; includeInIndex = 0; path = NewPodAVPlayer1.app; sourceTree = BUILT_PRODUCTS_DIR; };
		3E3244A01F8E0EF300D1513D /* AppDelegate.h */ = {isa = PBXFileReference; lastKnownFileType = sourcecode.c.h; path = AppDelegate.h; sourceTree = "<group>"; };
		3E3244A11F8E0EF300D1513D /* AppDelegate.m */ = {isa = PBXFileReference; lastKnownFileType = sourcecode.c.objc; path = AppDelegate.m; sourceTree = "<group>"; };
		3E3244A31F8E0EF300D1513D /* ViewController.h */ = {isa = PBXFileReference; lastKnownFileType = sourcecode.c.h; path = ViewController.h; sourceTree = "<group>"; };
		3E3244A41F8E0EF300D1513D /* ViewController.m */ = {isa = PBXFileReference; lastKnownFileType = sourcecode.c.objc; path = ViewController.m; sourceTree = "<group>"; };
		3E3244A71F8E0EF400D1513D /* Base */ = {isa = PBXFileReference; lastKnownFileType = file.storyboard; name = Base; path = Base.lproj/Main.storyboard; sourceTree = "<group>"; };
		3E3244A91F8E0EF400D1513D /* Assets.xcassets */ = {isa = PBXFileReference; lastKnownFileType = folder.assetcatalog; path = Assets.xcassets; sourceTree = "<group>"; };
		3E3244AC1F8E0EF400D1513D /* Base */ = {isa = PBXFileReference; lastKnownFileType = file.storyboard; name = Base; path = Base.lproj/LaunchScreen.storyboard; sourceTree = "<group>"; };
		3E3244AE1F8E0EF400D1513D /* Info.plist */ = {isa = PBXFileReference; lastKnownFileType = text.plist.xml; path = Info.plist; sourceTree = "<group>"; };
		3E3244AF1F8E0EF400D1513D /* main.m */ = {isa = PBXFileReference; lastKnownFileType = sourcecode.c.objc; path = main.m; sourceTree = "<group>"; };
		3E3244B51F8E0EF400D1513D /* NewPodAVPlayer1Tests.xctest */ = {isa = PBXFileReference; explicitFileType = wrapper.cfbundle; includeInIndex = 0; path = NewPodAVPlayer1Tests.xctest; sourceTree = BUILT_PRODUCTS_DIR; };
		3E3244B91F8E0EF400D1513D /* NewPodAVPlayer1Tests.m */ = {isa = PBXFileReference; lastKnownFileType = sourcecode.c.objc; path = NewPodAVPlayer1Tests.m; sourceTree = "<group>"; };
		3E3244BB1F8E0EF400D1513D /* Info.plist */ = {isa = PBXFileReference; lastKnownFileType = text.plist.xml; path = Info.plist; sourceTree = "<group>"; };
		3E3244C01F8E0EF400D1513D /* NewPodAVPlayer1UITests.xctest */ = {isa = PBXFileReference; explicitFileType = wrapper.cfbundle; includeInIndex = 0; path = NewPodAVPlayer1UITests.xctest; sourceTree = BUILT_PRODUCTS_DIR; };
		3E3244C41F8E0EF400D1513D /* NewPodAVPlayer1UITests.m */ = {isa = PBXFileReference; lastKnownFileType = sourcecode.c.objc; path = NewPodAVPlayer1UITests.m; sourceTree = "<group>"; };
		3E3244C61F8E0EF400D1513D /* Info.plist */ = {isa = PBXFileReference; lastKnownFileType = text.plist.xml; path = Info.plist; sourceTree = "<group>"; };
/* End PBXFileReference section */

/* Begin PBXFrameworksBuildPhase section */
		3E32449A1F8E0EF300D1513D /* Frameworks */ = {
			isa = PBXFrameworksBuildPhase;
			buildActionMask = 2147483647;
			files = (
			);
			runOnlyForDeploymentPostprocessing = 0;
		};
		3E3244B21F8E0EF400D1513D /* Frameworks */ = {
			isa = PBXFrameworksBuildPhase;
			buildActionMask = 2147483647;
			files = (
			);
			runOnlyForDeploymentPostprocessing = 0;
		};
		3E3244BD1F8E0EF400D1513D /* Frameworks */ = {
			isa = PBXFrameworksBuildPhase;
			buildActionMask = 2147483647;
			files = (
			);
			runOnlyForDeploymentPostprocessing = 0;
		};
/* End PBXFrameworksBuildPhase section */

/* Begin PBXGroup section */
		3E3244941F8E0EF300D1513D = {
			isa = PBXGroup;
			children = (
				3E32449F1F8E0EF300D1513D /* NewPodAVPlayer1 */,
				3E3244B81F8E0EF400D1513D /* NewPodAVPlayer1Tests */,
				3E3244C31F8E0EF400D1513D /* NewPodAVPlayer1UITests */,
				3E32449E1F8E0EF300D1513D /* Products */,
			);
			sourceTree = "<group>";
		};
		3E32449E1F8E0EF300D1513D /* Products */ = {
			isa = PBXGroup;
			children = (
				3E32449D1F8E0EF300D1513D /* NewPodAVPlayer1.app */,
				3E3244B51F8E0EF400D1513D /* NewPodAVPlayer1Tests.xctest */,
				3E3244C01F8E0EF400D1513D /* NewPodAVPlayer1UITests.xctest */,
			);
			name = Products;
			sourceTree = "<group>";
		};
		3E32449F1F8E0EF300D1513D /* NewPodAVPlayer1 */ = {
			isa = PBXGroup;
			children = (
				3E3244A01F8E0EF300D1513D /* AppDelegate.h */,
				3E3244A11F8E0EF300D1513D /* AppDelegate.m */,
				3E3244A31F8E0EF300D1513D /* ViewController.h */,
				3E3244A41F8E0EF300D1513D /* ViewController.m */,
				3E3244A61F8E0EF400D1513D /* Main.storyboard */,
				3E3244A91F8E0EF400D1513D /* Assets.xcassets */,
				3E3244AB1F8E0EF400D1513D /* LaunchScreen.storyboard */,
				3E3244AE1F8E0EF400D1513D /* Info.plist */,
				3E3244AF1F8E0EF400D1513D /* main.m */,
			);
			path = NewPodAVPlayer1;
			sourceTree = "<group>";
		};
		3E3244B81F8E0EF400D1513D /* NewPodAVPlayer1Tests */ = {
			isa = PBXGroup;
			children = (
				3E3244B91F8E0EF400D1513D /* NewPodAVPlayer1Tests.m */,
				3E3244BB1F8E0EF400D1513D /* Info.plist */,
			);
			path = NewPodAVPlayer1Tests;
			sourceTree = "<group>";
		};
		3E3244C31F8E0EF400D1513D /* NewPodAVPlayer1UITests */ = {
			isa = PBXGroup;
			children = (
				3E3244C41F8E0EF400D1513D /* NewPodAVPlayer1UITests.m */,
				3E3244C61F8E0EF400D1513D /* Info.plist */,
			);
			path = NewPodAVPlayer1UITests;
			sourceTree = "<group>";
		};
/* End PBXGroup section */

/* Begin PBXNativeTarget section */
		3E32449C1F8E0EF300D1513D /* NewPodAVPlayer1 */ = {
			isa = PBXNativeTarget;
			buildConfigurationList = 3E3244C91F8E0EF400D1513D /* Build configuration list for PBXNativeTarget "NewPodAVPlayer1" */;
			buildPhases = (
				3E3244991F8E0EF300D1513D /* Sources */,
				3E32449A1F8E0EF300D1513D /* Frameworks */,
				3E32449B1F8E0EF300D1513D /* Resources */,
			);
			buildRules = (
			);
			dependencies = (
			);
			name = NewPodAVPlayer1;
			productName = NewPodAVPlayer1;
			productReference = 3E32449D1F8E0EF300D1513D /* NewPodAVPlayer1.app */;
			productType = "com.apple.product-type.application";
		};
		3E3244B41F8E0EF400D1513D /* NewPodAVPlayer1Tests */ = {
			isa = PBXNativeTarget;
			buildConfigurationList = 3E3244CC1F8E0EF400D1513D /* Build configuration list for PBXNativeTarget "NewPodAVPlayer1Tests" */;
			buildPhases = (
				3E3244B11F8E0EF400D1513D /* Sources */,
				3E3244B21F8E0EF400D1513D /* Frameworks */,
				3E3244B31F8E0EF400D1513D /* Resources */,
			);
			buildRules = (
			);
			dependencies = (
				3E3244B71F8E0EF400D1513D /* PBXTargetDependency */,
			);
			name = NewPodAVPlayer1Tests;
			productName = NewPodAVPlayer1Tests;
			productReference = 3E3244B51F8E0EF400D1513D /* NewPodAVPlayer1Tests.xctest */;
			productType = "com.apple.product-type.bundle.unit-test";
		};
		3E3244BF1F8E0EF400D1513D /* NewPodAVPlayer1UITests */ = {
			isa = PBXNativeTarget;
			buildConfigurationList = 3E3244CF1F8E0EF400D1513D /* Build configuration list for PBXNativeTarget "NewPodAVPlayer1UITests" */;
			buildPhases = (
				3E3244BC1F8E0EF400D1513D /* Sources */,
				3E3244BD1F8E0EF400D1513D /* Frameworks */,
				3E3244BE1F8E0EF400D1513D /* Resources */,
			);
			buildRules = (
			);
			dependencies = (
				3E3244C21F8E0EF400D1513D /* PBXTargetDependency */,
			);
			name = NewPodAVPlayer1UITests;
			productName = NewPodAVPlayer1UITests;
			productReference = 3E3244C01F8E0EF400D1513D /* NewPodAVPlayer1UITests.xctest */;
			productType = "com.apple.product-type.bundle.ui-testing";
		};
/* End PBXNativeTarget section */

/* Begin PBXProject section */
		3E3244951F8E0EF300D1513D /* Project object */ = {
			isa = PBXProject;
			attributes = {
				LastUpgradeCheck = 0900;
				ORGANIZATIONNAME = MAXTV;
				TargetAttributes = {
					3E32449C1F8E0EF300D1513D = {
						CreatedOnToolsVersion = 9.0;
						ProvisioningStyle = Automatic;
					};
					3E3244B41F8E0EF400D1513D = {
						CreatedOnToolsVersion = 9.0;
						ProvisioningStyle = Automatic;
						TestTargetID = 3E32449C1F8E0EF300D1513D;
					};
					3E3244BF1F8E0EF400D1513D = {
						CreatedOnToolsVersion = 9.0;
						ProvisioningStyle = Automatic;
						TestTargetID = 3E32449C1F8E0EF300D1513D;
					};
				};
			};
			buildConfigurationList = 3E3244981F8E0EF300D1513D /* Build configuration list for PBXProject "NewPodAVPlayer1" */;
			compatibilityVersion = "Xcode 8.0";
			developmentRegion = en;
			hasScannedForEncodings = 0;
			knownRegions = (
				en,
				Base,
			);
			mainGroup = 3E3244941F8E0EF300D1513D;
			productRefGroup = 3E32449E1F8E0EF300D1513D /* Products */;
			projectDirPath = "";
			projectRoot = "";
			targets = (
				3E32449C1F8E0EF300D1513D /* NewPodAVPlayer1 */,
				3E3244B41F8E0EF400D1513D /* NewPodAVPlayer1Tests */,
				3E3244BF1F8E0EF400D1513D /* NewPodAVPlayer1UITests */,
			);
		};
/* End PBXProject section */

/* Begin PBXResourcesBuildPhase section */
		3E32449B1F8E0EF300D1513D /* Resources */ = {
			isa = PBXResourcesBuildPhase;
			buildActionMask = 2147483647;
			files = (
				3E3244AD1F8E0EF400D1513D /* LaunchScreen.storyboard in Resources */,
				3E3244AA1F8E0EF400D1513D /* Assets.xcassets in Resources */,
				3E3244A81F8E0EF400D1513D /* Main.storyboard in Resources */,
			);
			runOnlyForDeploymentPostprocessing = 0;
		};
		3E3244B31F8E0EF400D1513D /* Resources */ = {
			isa = PBXResourcesBuildPhase;
			buildActionMask = 2147483647;
			files = (
			);
			runOnlyForDeploymentPostprocessing = 0;
		};
		3E3244BE1F8E0EF400D1513D /* Resources */ = {
			isa = PBXResourcesBuildPhase;
			buildActionMask = 2147483647;
			files = (
			);
			runOnlyForDeploymentPostprocessing = 0;
		};
/* End PBXResourcesBuildPhase section */

/* Begin PBXSourcesBuildPhase section */
		3E3244991F8E0EF300D1513D /* Sources */ = {
			isa = PBXSourcesBuildPhase;
			buildActionMask = 2147483647;
			files = (
				3E3244A51F8E0EF300D1513D /* ViewController.m in Sources */,
				3E3244B01F8E0EF400D1513D /* main.m in Sources */,
				3E3244A21F8E0EF300D1513D /* AppDelegate.m in Sources */,
			);
			runOnlyForDeploymentPostprocessing = 0;
		};
		3E3244B11F8E0EF400D1513D /* Sources */ = {
			isa = PBXSourcesBuildPhase;
			buildActionMask = 2147483647;
			files = (
				3E3244BA1F8E0EF400D1513D /* NewPodAVPlayer1Tests.m in Sources */,
			);
			runOnlyForDeploymentPostprocessing = 0;
		};
		3E3244BC1F8E0EF400D1513D /* Sources */ = {
			isa = PBXSourcesBuildPhase;
			buildActionMask = 2147483647;
			files = (
				3E3244C51F8E0EF400D1513D /* NewPodAVPlayer1UITests.m in Sources */,
			);
			runOnlyForDeploymentPostprocessing = 0;
		};
/* End PBXSourcesBuildPhase section */

/* Begin PBXTargetDependency section */
		3E3244B71F8E0EF400D1513D /* PBXTargetDependency */ = {
			isa = PBXTargetDependency;
			target = 3E32449C1F8E0EF300D1513D /* NewPodAVPlayer1 */;
			targetProxy = 3E3244B61F8E0EF400D1513D /* PBXContainerItemProxy */;
		};
		3E3244C21F8E0EF400D1513D /* PBXTargetDependency */ = {
			isa = PBXTargetDependency;
			target = 3E32449C1F8E0EF300D1513D /* NewPodAVPlayer1 */;
			targetProxy = 3E3244C11F8E0EF400D1513D /* PBXContainerItemProxy */;
		};
/* End PBXTargetDependency section */

/* Begin PBXVariantGroup section */
		3E3244A61F8E0EF400D1513D /* Main.storyboard */ = {
			isa = PBXVariantGroup;
			children = (
				3E3244A71F8E0EF400D1513D /* Base */,
			);
			name = Main.storyboard;
			sourceTree = "<group>";
		};
		3E3244AB1F8E0EF400D1513D /* LaunchScreen.storyboard */ = {
			isa = PBXVariantGroup;
			children = (
				3E3244AC1F8E0EF400D1513D /* Base */,
			);
			name = LaunchScreen.storyboard;
			sourceTree = "<group>";
		};
/* End PBXVariantGroup section */

/* Begin XCBuildConfiguration section */
		3E3244C71F8E0EF400D1513D /* Debug */ = {
			isa = XCBuildConfiguration;
			buildSettings = {
				ALWAYS_SEARCH_USER_PATHS = NO;
				CLANG_ANALYZER_NONNULL = YES;
				CLANG_ANALYZER_NUMBER_OBJECT_CONVERSION = YES_AGGRESSIVE;
				CLANG_CXX_LANGUAGE_STANDARD = "gnu++14";
				CLANG_CXX_LIBRARY = "libc++";
				CLANG_ENABLE_MODULES = YES;
				CLANG_ENABLE_OBJC_ARC = YES;
				CLANG_WARN_BLOCK_CAPTURE_AUTORELEASING = YES;
				CLANG_WARN_BOOL_CONVERSION = YES;
				CLANG_WARN_COMMA = YES;
				CLANG_WARN_CONSTANT_CONVERSION = YES;
				CLANG_WARN_DIRECT_OBJC_ISA_USAGE = YES_ERROR;
				CLANG_WARN_DOCUMENTATION_COMMENTS = YES;
				CLANG_WARN_EMPTY_BODY = YES;
				CLANG_WARN_ENUM_CONVERSION = YES;
				CLANG_WARN_INFINITE_RECURSION = YES;
				CLANG_WARN_INT_CONVERSION = YES;
				CLANG_WARN_NON_LITERAL_NULL_CONVERSION = YES;
				CLANG_WARN_OBJC_LITERAL_CONVERSION = YES;
				CLANG_WARN_OBJC_ROOT_CLASS = YES_ERROR;
				CLANG_WARN_RANGE_LOOP_ANALYSIS = YES;
				CLANG_WARN_STRICT_PROTOTYPES = YES;
				CLANG_WARN_SUSPICIOUS_MOVE = YES;
				CLANG_WARN_UNGUARDED_AVAILABILITY = YES_AGGRESSIVE;
				CLANG_WARN_UNREACHABLE_CODE = YES;
				CLANG_WARN__DUPLICATE_METHOD_MATCH = YES;
				CODE_SIGN_IDENTITY = "iPhone Developer";
				COPY_PHASE_STRIP = NO;
				DEBUG_INFORMATION_FORMAT = dwarf;
				ENABLE_STRICT_OBJC_MSGSEND = YES;
				ENABLE_TESTABILITY = YES;
				GCC_C_LANGUAGE_STANDARD = gnu11;
				GCC_DYNAMIC_NO_PIC = NO;
				GCC_NO_COMMON_BLOCKS = YES;
				GCC_OPTIMIZATION_LEVEL = 0;
				GCC_PREPROCESSOR_DEFINITIONS = (
					"DEBUG=1",
					"$(inherited)",
				);
				GCC_WARN_64_TO_32_BIT_CONVERSION = YES;
				GCC_WARN_ABOUT_RETURN_TYPE = YES_ERROR;
				GCC_WARN_UNDECLARED_SELECTOR = YES;
				GCC_WARN_UNINITIALIZED_AUTOS = YES_AGGRESSIVE;
				GCC_WARN_UNUSED_FUNCTION = YES;
				GCC_WARN_UNUSED_VARIABLE = YES;
				IPHONEOS_DEPLOYMENT_TARGET = 11.0;
				MTL_ENABLE_DEBUG_INFO = YES;
				ONLY_ACTIVE_ARCH = YES;
				SDKROOT = iphoneos;
			};
			name = Debug;
		};
		3E3244C81F8E0EF400D1513D /* Release */ = {
			isa = XCBuildConfiguration;
			buildSettings = {
				ALWAYS_SEARCH_USER_PATHS = NO;
				CLANG_ANALYZER_NONNULL = YES;
				CLANG_ANALYZER_NUMBER_OBJECT_CONVERSION = YES_AGGRESSIVE;
				CLANG_CXX_LANGUAGE_STANDARD = "gnu++14";
				CLANG_CXX_LIBRARY = "libc++";
				CLANG_ENABLE_MODULES = YES;
				CLANG_ENABLE_OBJC_ARC = YES;
				CLANG_WARN_BLOCK_CAPTURE_AUTORELEASING = YES;
				CLANG_WARN_BOOL_CONVERSION = YES;
				CLANG_WARN_COMMA = YES;
				CLANG_WARN_CONSTANT_CONVERSION = YES;
				CLANG_WARN_DIRECT_OBJC_ISA_USAGE = YES_ERROR;
				CLANG_WARN_DOCUMENTATION_COMMENTS = YES;
				CLANG_WARN_EMPTY_BODY = YES;
				CLANG_WARN_ENUM_CONVERSION = YES;
				CLANG_WARN_INFINITE_RECURSION = YES;
				CLANG_WARN_INT_CONVERSION = YES;
				CLANG_WARN_NON_LITERAL_NULL_CONVERSION = YES;
				CLANG_WARN_OBJC_LITERAL_CONVERSION = YES;
				CLANG_WARN_OBJC_ROOT_CLASS = YES_ERROR;
				CLANG_WARN_RANGE_LOOP_ANALYSIS = YES;
				CLANG_WARN_STRICT_PROTOTYPES = YES;
				CLANG_WARN_SUSPICIOUS_MOVE = YES;
				CLANG_WARN_UNGUARDED_AVAILABILITY = YES_AGGRESSIVE;
				CLANG_WARN_UNREACHABLE_CODE = YES;
				CLANG_WARN__DUPLICATE_METHOD_MATCH = YES;
				CODE_SIGN_IDENTITY = "iPhone Developer";
				COPY_PHASE_STRIP = NO;
				DEBUG_INFORMATION_FORMAT = "dwarf-with-dsym";
				ENABLE_NS_ASSERTIONS = NO;
				ENABLE_STRICT_OBJC_MSGSEND = YES;
				GCC_C_LANGUAGE_STANDARD = gnu11;
				GCC_NO_COMMON_BLOCKS = YES;
				GCC_WARN_64_TO_32_BIT_CONVERSION = YES;
				GCC_WARN_ABOUT_RETURN_TYPE = YES_ERROR;
				GCC_WARN_UNDECLARED_SELECTOR = YES;
				GCC_WARN_UNINITIALIZED_AUTOS = YES_AGGRESSIVE;
				GCC_WARN_UNUSED_FUNCTION = YES;
				GCC_WARN_UNUSED_VARIABLE = YES;
				IPHONEOS_DEPLOYMENT_TARGET = 11.0;
				MTL_ENABLE_DEBUG_INFO = NO;
				SDKROOT = iphoneos;
				VALIDATE_PRODUCT = YES;
			};
			name = Release;
		};
		3E3244CA1F8E0EF400D1513D /* Debug */ = {
			isa = XCBuildConfiguration;
			buildSettings = {
				ASSETCATALOG_COMPILER_APPICON_NAME = AppIcon;
				CODE_SIGN_STYLE = Automatic;
				INFOPLIST_FILE = NewPodAVPlayer1/Info.plist;
				LD_RUNPATH_SEARCH_PATHS = "$(inherited) @executable_path/Frameworks";
				PRODUCT_BUNDLE_IDENTIFIER = maxtv.NewPodAVPlayer1;
				PRODUCT_NAME = "$(TARGET_NAME)";
				TARGETED_DEVICE_FAMILY = "1,2";
			};
			name = Debug;
		};
		3E3244CB1F8E0EF400D1513D /* Release */ = {
			isa = XCBuildConfiguration;
			buildSettings = {
				ASSETCATALOG_COMPILER_APPICON_NAME = AppIcon;
				CODE_SIGN_STYLE = Automatic;
				INFOPLIST_FILE = NewPodAVPlayer1/Info.plist;
				LD_RUNPATH_SEARCH_PATHS = "$(inherited) @executable_path/Frameworks";
				PRODUCT_BUNDLE_IDENTIFIER = maxtv.NewPodAVPlayer1;
				PRODUCT_NAME = "$(TARGET_NAME)";
				TARGETED_DEVICE_FAMILY = "1,2";
			};
			name = Release;
		};
		3E3244CD1F8E0EF400D1513D /* Debug */ = {
			isa = XCBuildConfiguration;
			buildSettings = {
				BUNDLE_LOADER = "$(TEST_HOST)";
				CODE_SIGN_STYLE = Automatic;
				INFOPLIST_FILE = NewPodAVPlayer1Tests/Info.plist;
				LD_RUNPATH_SEARCH_PATHS = "$(inherited) @executable_path/Frameworks @loader_path/Frameworks";
				PRODUCT_BUNDLE_IDENTIFIER = maxtv.NewPodAVPlayer1Tests;
				PRODUCT_NAME = "$(TARGET_NAME)";
				TARGETED_DEVICE_FAMILY = "1,2";
				TEST_HOST = "$(BUILT_PRODUCTS_DIR)/NewPodAVPlayer1.app/NewPodAVPlayer1";
			};
			name = Debug;
		};
		3E3244CE1F8E0EF400D1513D /* Release */ = {
			isa = XCBuildConfiguration;
			buildSettings = {
				BUNDLE_LOADER = "$(TEST_HOST)";
				CODE_SIGN_STYLE = Automatic;
				INFOPLIST_FILE = NewPodAVPlayer1Tests/Info.plist;
				LD_RUNPATH_SEARCH_PATHS = "$(inherited) @executable_path/Frameworks @loader_path/Frameworks";
				PRODUCT_BUNDLE_IDENTIFIER = maxtv.NewPodAVPlayer1Tests;
				PRODUCT_NAME = "$(TARGET_NAME)";
				TARGETED_DEVICE_FAMILY = "1,2";
				TEST_HOST = "$(BUILT_PRODUCTS_DIR)/NewPodAVPlayer1.app/NewPodAVPlayer1";
			};
			name = Release;
		};
		3E3244D01F8E0EF400D1513D /* Debug */ = {
			isa = XCBuildConfiguration;
			buildSettings = {
				CODE_SIGN_STYLE = Automatic;
				INFOPLIST_FILE = NewPodAVPlayer1UITests/Info.plist;
				LD_RUNPATH_SEARCH_PATHS = "$(inherited) @executable_path/Frameworks @loader_path/Frameworks";
				PRODUCT_BUNDLE_IDENTIFIER = maxtv.NewPodAVPlayer1UITests;
				PRODUCT_NAME = "$(TARGET_NAME)";
				TARGETED_DEVICE_FAMILY = "1,2";
				TEST_TARGET_NAME = NewPodAVPlayer1;
			};
			name = Debug;
		};
		3E3244D11F8E0EF400D1513D /* Release */ = {
			isa = XCBuildConfiguration;
			buildSettings = {
				CODE_SIGN_STYLE = Automatic;
				INFOPLIST_FILE = NewPodAVPlayer1UITests/Info.plist;
				LD_RUNPATH_SEARCH_PATHS = "$(inherited) @executable_path/Frameworks @loader_path/Frameworks";
				PRODUCT_BUNDLE_IDENTIFIER = maxtv.NewPodAVPlayer1UITests;
				PRODUCT_NAME = "$(TARGET_NAME)";
				TARGETED_DEVICE_FAMILY = "1,2";
				TEST_TARGET_NAME = NewPodAVPlayer1;
			};
			name = Release;
		};
/* End XCBuildConfiguration section */

/* Begin XCConfigurationList section */
		3E3244981F8E0EF300D1513D /* Build configuration list for PBXProject "NewPodAVPlayer1" */ = {
			isa = XCConfigurationList;
			buildConfigurations = (
				3E3244C71F8E0EF400D1513D /* Debug */,
				3E3244C81F8E0EF400D1513D /* Release */,
			);
			defaultConfigurationIsVisible = 0;
			defaultConfigurationName = Release;
		};
		3E3244C91F8E0EF400D1513D /* Build configuration list for PBXNativeTarget "NewPodAVPlayer1" */ = {
			isa = XCConfigurationList;
			buildConfigurations = (
				3E3244CA1F8E0EF400D1513D /* Debug */,
				3E3244CB1F8E0EF400D1513D /* Release */,
			);
			defaultConfigurationIsVisible = 0;
			defaultConfigurationName = Release;
		};
		3E3244CC1F8E0EF400D1513D /* Build configuration list for PBXNativeTarget "NewPodAVPlayer1Tests" */ = {
			isa = XCConfigurationList;
			buildConfigurations = (
				3E3244CD1F8E0EF400D1513D /* Debug */,
				3E3244CE1F8E0EF400D1513D /* Release */,
			);
			defaultConfigurationIsVisible = 0;
			defaultConfigurationName = Release;
		};
		3E3244CF1F8E0EF400D1513D /* Build configuration list for PBXNativeTarget "NewPodAVPlayer1UITests" */ = {
			isa = XCConfigurationList;
			buildConfigurations = (
				3E3244D01F8E0EF400D1513D /* Debug */,
				3E3244D11F8E0EF400D1513D /* Release */,
			);
			defaultConfigurationIsVisible = 0;
			defaultConfigurationName = Release;
		};
/* End XCConfigurationList section */
	};
	rootObject = 3E3244951F8E0EF300D1513D /* Project object */;
}
